{
  "name": "jsondemo",
  "version": "1.0.0",
  "lockfileVersion": 1,
  "requires": true,
  "dependencies": {
    "ltjson": {
      "version": "1.1.3",
      "resolved": "https://registry.npmjs.org/ltjson/-/ltjson-1.1.3.tgz",
      "integrity": "sha512-Pei3WUigXB5mb7aR918HSGHLij/VML1h+GpNF43GG2wj6tv85wA8lKzOBIvJvLTDQ3k17qcHKErO9kXcAFTFYA=="
    }
  }
}
